{
	"name": "new-app",
	"version": "0.1.0",
	"lockfileVersion": 1,
	"requires": true,
	"dependencies": {
		"@types/prismjs": {
			"version": "1.16.0",
			"resolved": "https://registry.npmjs.org/@types/prismjs/-/prismjs-1.16.0.tgz",
			"integrity": "sha512-mEyuziLrfDCQ4juQP1k706BUU/c8OGn/ZFl69AXXY6dStHClKX4P+N8+rhqpul1vRDA2VOygzMRSJJZHyDEOfw==",
			"dev": true
		}
	}
}
